
Microsoft Visual Studio Solution File, Format Version 12.00
# Visual Studio Version 16
VisualStudioVersion = 16.0.31911.196
MinimumVisualStudioVersion = 10.0.40219.1
Project("{FAE04EC0-301F-11D3-BF4B-00C04F79EFBC}") = "Mafia", "Mafia.csproj", "{BA6DBE2A-C57E-4890-A51C-E75F13BFBA8A}"
EndProject
Global
	GlobalSection(SolutionConfigurationPlatforms) = preSolution
		Debug|Any CPU = Debug|Any CPU
		Release|Any CPU = Release|Any CPU
	EndGlobalSection
	GlobalSection(ProjectConfigurationPlatforms) = postSolution
		{BA6DBE2A-C57E-4890-A51C-E75F13BFBA8A}.Debug|Any CPU.ActiveCfg = Debug|Any CPU
		{BA6DBE2A-C57E-4890-A51C-E75F13BFBA8A}.Debug|Any CPU.Build.0 = Debug|Any CPU
		{BA6DBE2A-C57E-4890-A51C-E75F13BFBA8A}.Release|Any CPU.ActiveCfg = Release|Any CPU
		{BA6DBE2A-C57E-4890-A51C-E75F13BFBA8A}.Release|Any CPU.Build.0 = Release|Any CPU
	EndGlobalSection
	GlobalSection(SolutionProperties) = preSolution
		HideSolutionNode = FALSE
	EndGlobalSection
	GlobalSection(ExtensibilityGlobals) = postSolution
		SolutionGuid = {A67B7CEF-F4AD-44FF-985F-D2070A26EE82}
	EndGlobalSection
EndGlobal
